{
  "requires": true,
  "lockfileVersion": 1,
  "dependencies": {
    "@polka/url": {
      "version": "1.0.0-next.21",
      "resolved": "https://registry.npmjs.org/@polka/url/-/url-1.0.0-next.21.tgz",
      "integrity": "sha512-a5Sab1C4/icpTZVzZc5Ghpz88yQtGOyNqYXcZgOssB2uuAr+wF/MvN6bgtW32q7HHrvBki+BsZ0OuNv6EV3K9g==",
      "dev": true
    },
    "acorn": {
      "version": "8.7.1",
      "resolved": "https://registry.npmjs.org/acorn/-/acorn-8.7.1.tgz",
      "integrity": "sha512-Xx54uLJQZ19lKygFXOWsscKUbsBZW0CPykPhVQdhIeIwrbPmJzqeASDInc8nKBnp/JT6igTs82qPXz069H8I/A==",
      "dev": true
    },
    "acorn-walk": {
      "version": "8.2.0",
      "resolved": "https://registry.npmjs.org/acorn-walk/-/acorn-walk-8.2.0.tgz",
      "integrity": "sha512-k+iyHEuPgSw6SbuDpGQM+06HQUa04DZ3o+F6CSzXMvvI5KMvnaEqXe+YVe555R9nn6GPt404fos4wcgpw12SDA==",
      "dev": true
    },
    "ansi-styles": {
      "version": "4.3.0",
      "resolved": "https://registry.npmjs.org/ansi-styles/-/ansi-styles-4.3.0.tgz",
      "integrity": "sha512-zbB9rCJAT1rbjiVDb2hqKFHNYLxgtk8NURxZ3IZwD3F6NtxbXZQCnnSi1Lkx+IDohdPlFp222wVALIheZJQSEg==",
      "dev": true,
      "requires": {
        "color-convert": "^2.0.1"
      }
    },
    "chalk": {
      "version": "4.1.2",
      "resolved": "https://registry.npmjs.org/chalk/-/chalk-4.1.2.tgz",
      "integrity": "sha512-oKnbhFyRIXpUuez8iBMmyEa4nbj4IOQyuhc/wy9kY7/WVPcwIO9VA668Pu8RkO7+0G76SLROeyw9CpQ061i4mA==",
      "dev": true,
      "requires": {
        "ansi-styles": "^4.1.0",
        "supports-color": "^7.1.0"
      }
    },
    "color-convert": {
      "version": "2.0.1",
      "resolved": "https://registry.npmjs.org/color-convert/-/color-convert-2.0.1.tgz",
      "integrity": "sha512-RRECPsj7iu/xb5oKYcsFHSppFNnsj/52OVTRKb4zP5onXwVF3zVmmToNcOfGC+CRDpfK/U584fMg38ZHCaElKQ==",
      "dev": true,
      "requires": {
        "color-name": "~1.1.4"
      }
    },
    "color-name": {
      "version": "1.1.4",
      "resolved": "https://registry.npmjs.org/color-name/-/color-name-1.1.4.tgz",
      "integrity": "sha512-dOy+3AuW3a2wNbZHIuMZpTcgjGuLU/uBL/ubcZF9OXbDo8ff4O8yVp5Bf0efS8uEoYo5q4Fx7dY9OgQGXgAsQA==",
      "dev": true
    },
    "commander": {
      "version": "7.2.0",
      "resolved": "https://registry.npmjs.org/commander/-/commander-7.2.0.tgz",
      "integrity": "sha512-QrWXB+ZQSVPmIWIhtEO9H+gwHaMGYiF5ChvoJ+K9ZGHG/sVsa6yiesAD1GC/x46sET00Xlwo1u49RVVVzvcSkw==",
      "dev": true
    },
    "duplexer": {
      "version": "0.1.2",
      "resolved": "https://registry.npmjs.org/duplexer/-/duplexer-0.1.2.tgz",
      "integrity": "sha512-jtD6YG370ZCIi/9GTaJKQxWTZD045+4R4hTk/x1UyoqadyJ9x9CgSi1RlVDQF8U2sxLLSnFkCaMihqljHIWgMg==",
      "dev": true
    },
    "gzip-size": {
      "version": "6.0.0",
      "resolved": "https://registry.npmjs.org/gzip-size/-/gzip-size-6.0.0.tgz",
      "integrity": "sha512-ax7ZYomf6jqPTQ4+XCpUGyXKHk5WweS+e05MBO4/y3WJ5RkmPXNKvX+bx1behVILVwr6JSQvZAku021CHPXG3Q==",
      "dev": true,
      "requires": {
        "duplexer": "^0.1.2"
      }
    },
    "has-flag": {
      "version": "4.0.0",
      "resolved": "https://registry.npmjs.org/has-flag/-/has-flag-4.0.0.tgz",
      "integrity": "sha512-EykJT/Q1KjTWctppgIAgfSO0tKVuZUjhgMr17kqTumMl6Afv3EISleU7qZUzoXDFTAHTDC4NOoG/ZxU3EvlMPQ==",
      "dev": true
    },
    "lodash": {
      "version": "4.17.21",
      "resolved": "https://registry.npmjs.org/lodash/-/lodash-4.17.21.tgz",
      "integrity": "sha512-v2kDEe57lecTulaDIuNTPy3Ry4gLGJ6Z1O3vE1krgXZNrsQ+LFTGHVxVjcXPs17LhbZVGedAJv8XZ1tvj5FvSg==",
      "dev": true
    },
    "mrmime": {
      "version": "1.0.0",
      "resolved": "https://registry.npmjs.org/mrmime/-/mrmime-1.0.0.tgz",
      "integrity": "sha512-a70zx7zFfVO7XpnQ2IX1Myh9yY4UYvfld/dikWRnsXxbyvMcfz+u6UfgNAtH+k2QqtJuzVpv6eLTx1G2+WKZbQ==",
      "dev": true
    },
    "opener": {
      "version": "1.5.2",
      "resolved": "https://registry.npmjs.org/opener/-/opener-1.5.2.tgz",
      "integrity": "sha512-ur5UIdyw5Y7yEj9wLzhqXiy6GZ3Mwx0yGI+5sMn2r0N0v3cKJvUmFH5yPP+WXh9e0xfyzyJX95D8l088DNFj7A==",
      "dev": true
    },
    "sirv": {
      "version": "1.0.19",
      "resolved": "https://registry.npmjs.org/sirv/-/sirv-1.0.19.tgz",
      "integrity": "sha512-JuLThK3TnZG1TAKDwNIqNq6QA2afLOCcm+iE8D1Kj3GA40pSPsxQjjJl0J8X3tsR7T+CP1GavpzLwYkgVLWrZQ==",
      "dev": true,
      "requires": {
        "@polka/url": "^1.0.0-next.20",
        "mrmime": "^1.0.0",
        "totalist": "^1.0.0"
      }
    },
    "supports-color": {
      "version": "7.2.0",
      "resolved": "https://registry.npmjs.org/supports-color/-/supports-color-7.2.0.tgz",
      "integrity": "sha512-qpCAvRl9stuOHveKsn7HncJRvv501qIacKzQlO/+Lwxc9+0q2wLyv4Dfvt80/DPn2pqOBsJdDiogXGR9+OvwRw==",
      "dev": true,
      "requires": {
        "has-flag": "^4.0.0"
      }
    },
    "totalist": {
      "version": "1.1.0",
      "resolved": "https://registry.npmjs.org/totalist/-/totalist-1.1.0.tgz",
      "integrity": "sha512-gduQwd1rOdDMGxFG1gEvhV88Oirdo2p+KjoYFU7k2g+i7n6AFFbDQ5kMPUsW0pNbfQsB/cwXvT1i4Bue0s9g5g==",
      "dev": true
    },
    "webpack-bundle-analyzer": {
      "version": "4.5.0",
      "resolved": "https://registry.npmjs.org/webpack-bundle-analyzer/-/webpack-bundle-analyzer-4.5.0.tgz",
      "integrity": "sha512-GUMZlM3SKwS8Z+CKeIFx7CVoHn3dXFcUAjT/dcZQQmfSZGvitPfMob2ipjai7ovFFqPvTqkEZ/leL4O0YOdAYQ==",
      "dev": true,
      "requires": {
        "acorn": "^8.0.4",
        "acorn-walk": "^8.0.0",
        "chalk": "^4.1.0",
        "commander": "^7.2.0",
        "gzip-size": "^6.0.0",
        "lodash": "^4.17.20",
        "opener": "^1.5.2",
        "sirv": "^1.0.7",
        "ws": "^7.3.1"
      }
    },
    "ws": {
      "version": "7.5.7",
      "resolved": "https://registry.npmjs.org/ws/-/ws-7.5.7.tgz",
      "integrity": "sha512-KMvVuFzpKBuiIXW3E4u3mySRO2/mCHSyZDJQM5NQ9Q9KHWHWh0NHgfbRMLLrceUK5qAL4ytALJbpRMjixFZh8A==",
      "dev": true
    }
  }
}
